{
  "originHash" : "3624576a1bc964434226e1ef8c5929ea7ae161ba1c2c3cfc481b1433c78a3d55",
  "pins" : [
    {
      "identity" : "apgcantripkit",
      "kind" : "remoteSourceControl",
      "location" : "https://github.com/magesteve/APGCantripKit.git",
      "state" : {
        "revision" : "28639a1b562abdb940045882c62495d9975471ff",
        "version" : "0.5.0"
      }
    },
    {
      "identity" : "apgintentkit",
      "kind" : "remoteSourceControl",
      "location" : "https://github.com/magesteve/APGIntentKit.git",
      "state" : {
        "revision" : "46ada54bfd334fda54d14f492af1f1fc9c7c865d",
        "version" : "0.5.1"
      }
    },
    {
      "identity" : "apgwidgetkit",
      "kind" : "remoteSourceControl",
      "location" : "https://github.com/magesteve/APGWidgetKit.git",
      "state" : {
        "revision" : "3bf93114cd0174022652cc15bd6714f2c1881fe0",
        "version" : "0.1.1"
      }
    }
  ],
  "version" : 3
}
