{
  "originHash" : "8ad686f234dcaa2defa343ea58efe8ee2510f0b6e97b80db4500535cbca9d07d",
  "pins" : [
    {
      "identity" : "apgcantripkit",
      "kind" : "remoteSourceControl",
      "location" : "https://github.com/magesteve/APGCantripKit.git",
      "state" : {
        "revision" : "e74093fd144a3b52746cfebab6e6b52457a468bc",
        "version" : "0.5.3"
      }
    },
    {
      "identity" : "apgintentkit",
      "kind" : "remoteSourceControl",
      "location" : "https://github.com/magesteve/APGIntentKit.git",
      "state" : {
        "revision" : "6aef0040be9a8b4ff48e7286f14f271b8a3e3644",
        "version" : "0.5.5"
      }
    },
    {
      "identity" : "apgwidgetkit",
      "kind" : "remoteSourceControl",
      "location" : "https://github.com/magesteve/APGWidgetKit.git",
      "state" : {
        "revision" : "72c83eae0025ceb877403e8ad952441f6c399fa7",
        "version" : "0.1.5"
      }
    }
  ],
  "version" : 3
}
